
Microsoft Visual Studio Solution File, Format Version 12.00
# Visual Studio Version 17
VisualStudioVersion = 17.8.34330.188
MinimumVisualStudioVersion = 10.0.40219.1
Project("{9A19103F-16F7-4668-BE54-9A1E7A4F7556}") = "1001-Extremamente-Basico", "1001-Extremamente-Basico\1001-Extremamente-Basico.csproj", "{C6B738A3-DBAB-473C-B81E-6CEAB5F70FAE}"
EndProject
Project("{9A19103F-16F7-4668-BE54-9A1E7A4F7556}") = "1002-AreaDoCirculo", "1002-AreaDoCirculo\1002-AreaDoCirculo.csproj", "{4C88ABCA-C786-43BD-8787-C0ACB50B4223}"
EndProject
Project("{9A19103F-16F7-4668-BE54-9A1E7A4F7556}") = "1003-SomaSimples", "1003-SomaSimples\1003-SomaSimples.csproj", "{4BF9EB12-03A2-43AD-81FF-7EDC8E46128B}"
EndProject
Project("{9A19103F-16F7-4668-BE54-9A1E7A4F7556}") = "1004-ProdutoSimples", "1004-ProdutoSimples\1004-ProdutoSimples.csproj", "{B0E7737A-C942-4607-9CD9-08C9CFE4DD8F}"
EndProject
Project("{9A19103F-16F7-4668-BE54-9A1E7A4F7556}") = "1005-Media1", "1005-Media1\1005-Media1.csproj", "{82F9CF05-805E-4FFF-B95D-0BE4855E07F1}"
EndProject
Project("{9A19103F-16F7-4668-BE54-9A1E7A4F7556}") = "1006-Media2", "1006-Media2\1006-Media2.csproj", "{242E385A-4BEF-47C6-B1AB-7AB7AB90F4FA}"
EndProject
Project("{9A19103F-16F7-4668-BE54-9A1E7A4F7556}") = "1007-Diferenca", "1007-Diferenca\1007-Diferenca.csproj", "{44B067BF-DC2F-4D64-8209-DE03523B0C94}"
EndProject
Project("{9A19103F-16F7-4668-BE54-9A1E7A4F7556}") = "1008-Salario", "1008-Salario\1008-Salario.csproj", "{6BB52071-89CE-4704-B1D0-6F6AB8533E8A}"
EndProject
Project("{9A19103F-16F7-4668-BE54-9A1E7A4F7556}") = "1009-SalarioComBonus", "1009-SalarioComBonus\1009-SalarioComBonus.csproj", "{32430BD2-71C6-4148-99E5-04F443B8A9E3}"
EndProject
Project("{9A19103F-16F7-4668-BE54-9A1E7A4F7556}") = "1010-CalculoSimples", "1010-CalculoSimples\1010-CalculoSimples.csproj", "{7FE6CD9A-0BE4-433C-893F-384A8F8650B9}"
EndProject
Project("{9A19103F-16F7-4668-BE54-9A1E7A4F7556}") = "1011-Esfera", "1011-Esfera\1011-Esfera.csproj", "{53628643-39FD-4066-B54F-A72B1390DB79}"
EndProject
Project("{9A19103F-16F7-4668-BE54-9A1E7A4F7556}") = "1012-Area", "1012-Area\1012-Area.csproj", "{5ED77F52-A1A1-4BB1-A98E-D595BE404F23}"
EndProject
Project("{9A19103F-16F7-4668-BE54-9A1E7A4F7556}") = "1013-OMaior", "1013-OMaior\1013-OMaior.csproj", "{213C5257-57F2-409A-9B3B-70EF70EAC25A}"
EndProject
Project("{9A19103F-16F7-4668-BE54-9A1E7A4F7556}") = "1014-Consumo", "1014-Consumo\1014-Consumo.csproj", "{068F4696-951B-4027-A13D-C90665A3B976}"
EndProject
Project("{9A19103F-16F7-4668-BE54-9A1E7A4F7556}") = "1015-DistanciaEntreDoisPontos", "1015-DistanciaEntreDoisPontos\1015-DistanciaEntreDoisPontos.csproj", "{28F680F5-DBE6-4820-907E-AF0E68E5BF80}"
EndProject
Project("{9A19103F-16F7-4668-BE54-9A1E7A4F7556}") = "1016-Distancia", "1016-Distancia\1016-Distancia.csproj", "{9960D683-52C3-4C46-8965-B8C98EDDA133}"
EndProject
Project("{9A19103F-16F7-4668-BE54-9A1E7A4F7556}") = "1017-GastoDeCombustivel", "1017-GastoDeCombustivel\1017-GastoDeCombustivel.csproj", "{C86E021E-714D-4030-BF8C-5D1A2065FC0D}"
EndProject
Project("{9A19103F-16F7-4668-BE54-9A1E7A4F7556}") = "1018-Cedulas", "1018-Cedulas\1018-Cedulas.csproj", "{67EE51F1-5A77-4A67-9701-D9FA6DB71A58}"
EndProject
Project("{FAE04EC0-301F-11D3-BF4B-00C04F79EFBC}") = "1019-ConversaoDeTempo", "1019-ConversaoDeTempo\1019-ConversaoDeTempo.csproj", "{E77325FA-6DAF-48B6-A465-CDC3FC827AAE}"
EndProject
Project("{FAE04EC0-301F-11D3-BF4B-00C04F79EFBC}") = "1020-IdadeEmDias", "1020-IdadeEmDias\1020-IdadeEmDias.csproj", "{DD3564E0-300F-45B1-ACA6-F1849E370B86}"
EndProject
Global
	GlobalSection(SolutionConfigurationPlatforms) = preSolution
		Debug|Any CPU = Debug|Any CPU
		Release|Any CPU = Release|Any CPU
	EndGlobalSection
	GlobalSection(ProjectConfigurationPlatforms) = postSolution
		{C6B738A3-DBAB-473C-B81E-6CEAB5F70FAE}.Debug|Any CPU.ActiveCfg = Debug|Any CPU
		{C6B738A3-DBAB-473C-B81E-6CEAB5F70FAE}.Debug|Any CPU.Build.0 = Debug|Any CPU
		{C6B738A3-DBAB-473C-B81E-6CEAB5F70FAE}.Release|Any CPU.ActiveCfg = Release|Any CPU
		{C6B738A3-DBAB-473C-B81E-6CEAB5F70FAE}.Release|Any CPU.Build.0 = Release|Any CPU
		{4C88ABCA-C786-43BD-8787-C0ACB50B4223}.Debug|Any CPU.ActiveCfg = Debug|Any CPU
		{4C88ABCA-C786-43BD-8787-C0ACB50B4223}.Debug|Any CPU.Build.0 = Debug|Any CPU
		{4C88ABCA-C786-43BD-8787-C0ACB50B4223}.Release|Any CPU.ActiveCfg = Release|Any CPU
		{4C88ABCA-C786-43BD-8787-C0ACB50B4223}.Release|Any CPU.Build.0 = Release|Any CPU
		{4BF9EB12-03A2-43AD-81FF-7EDC8E46128B}.Debug|Any CPU.ActiveCfg = Debug|Any CPU
		{4BF9EB12-03A2-43AD-81FF-7EDC8E46128B}.Debug|Any CPU.Build.0 = Debug|Any CPU
		{4BF9EB12-03A2-43AD-81FF-7EDC8E46128B}.Release|Any CPU.ActiveCfg = Release|Any CPU
		{4BF9EB12-03A2-43AD-81FF-7EDC8E46128B}.Release|Any CPU.Build.0 = Release|Any CPU
		{B0E7737A-C942-4607-9CD9-08C9CFE4DD8F}.Debug|Any CPU.ActiveCfg = Debug|Any CPU
		{B0E7737A-C942-4607-9CD9-08C9CFE4DD8F}.Debug|Any CPU.Build.0 = Debug|Any CPU
		{B0E7737A-C942-4607-9CD9-08C9CFE4DD8F}.Release|Any CPU.ActiveCfg = Release|Any CPU
		{B0E7737A-C942-4607-9CD9-08C9CFE4DD8F}.Release|Any CPU.Build.0 = Release|Any CPU
		{82F9CF05-805E-4FFF-B95D-0BE4855E07F1}.Debug|Any CPU.ActiveCfg = Debug|Any CPU
		{82F9CF05-805E-4FFF-B95D-0BE4855E07F1}.Debug|Any CPU.Build.0 = Debug|Any CPU
		{82F9CF05-805E-4FFF-B95D-0BE4855E07F1}.Release|Any CPU.ActiveCfg = Release|Any CPU
		{82F9CF05-805E-4FFF-B95D-0BE4855E07F1}.Release|Any CPU.Build.0 = Release|Any CPU
		{242E385A-4BEF-47C6-B1AB-7AB7AB90F4FA}.Debug|Any CPU.ActiveCfg = Debug|Any CPU
		{242E385A-4BEF-47C6-B1AB-7AB7AB90F4FA}.Debug|Any CPU.Build.0 = Debug|Any CPU
		{242E385A-4BEF-47C6-B1AB-7AB7AB90F4FA}.Release|Any CPU.ActiveCfg = Release|Any CPU
		{242E385A-4BEF-47C6-B1AB-7AB7AB90F4FA}.Release|Any CPU.Build.0 = Release|Any CPU
		{44B067BF-DC2F-4D64-8209-DE03523B0C94}.Debug|Any CPU.ActiveCfg = Debug|Any CPU
		{44B067BF-DC2F-4D64-8209-DE03523B0C94}.Debug|Any CPU.Build.0 = Debug|Any CPU
		{44B067BF-DC2F-4D64-8209-DE03523B0C94}.Release|Any CPU.ActiveCfg = Release|Any CPU
		{44B067BF-DC2F-4D64-8209-DE03523B0C94}.Release|Any CPU.Build.0 = Release|Any CPU
		{6BB52071-89CE-4704-B1D0-6F6AB8533E8A}.Debug|Any CPU.ActiveCfg = Debug|Any CPU
		{6BB52071-89CE-4704-B1D0-6F6AB8533E8A}.Debug|Any CPU.Build.0 = Debug|Any CPU
		{6BB52071-89CE-4704-B1D0-6F6AB8533E8A}.Release|Any CPU.ActiveCfg = Release|Any CPU
		{6BB52071-89CE-4704-B1D0-6F6AB8533E8A}.Release|Any CPU.Build.0 = Release|Any CPU
		{32430BD2-71C6-4148-99E5-04F443B8A9E3}.Debug|Any CPU.ActiveCfg = Debug|Any CPU
		{32430BD2-71C6-4148-99E5-04F443B8A9E3}.Debug|Any CPU.Build.0 = Debug|Any CPU
		{32430BD2-71C6-4148-99E5-04F443B8A9E3}.Release|Any CPU.ActiveCfg = Release|Any CPU
		{32430BD2-71C6-4148-99E5-04F443B8A9E3}.Release|Any CPU.Build.0 = Release|Any CPU
		{7FE6CD9A-0BE4-433C-893F-384A8F8650B9}.Debug|Any CPU.ActiveCfg = Debug|Any CPU
		{7FE6CD9A-0BE4-433C-893F-384A8F8650B9}.Debug|Any CPU.Build.0 = Debug|Any CPU
		{7FE6CD9A-0BE4-433C-893F-384A8F8650B9}.Release|Any CPU.ActiveCfg = Release|Any CPU
		{7FE6CD9A-0BE4-433C-893F-384A8F8650B9}.Release|Any CPU.Build.0 = Release|Any CPU
		{53628643-39FD-4066-B54F-A72B1390DB79}.Debug|Any CPU.ActiveCfg = Debug|Any CPU
		{53628643-39FD-4066-B54F-A72B1390DB79}.Debug|Any CPU.Build.0 = Debug|Any CPU
		{53628643-39FD-4066-B54F-A72B1390DB79}.Release|Any CPU.ActiveCfg = Release|Any CPU
		{53628643-39FD-4066-B54F-A72B1390DB79}.Release|Any CPU.Build.0 = Release|Any CPU
		{5ED77F52-A1A1-4BB1-A98E-D595BE404F23}.Debug|Any CPU.ActiveCfg = Debug|Any CPU
		{5ED77F52-A1A1-4BB1-A98E-D595BE404F23}.Debug|Any CPU.Build.0 = Debug|Any CPU
		{5ED77F52-A1A1-4BB1-A98E-D595BE404F23}.Release|Any CPU.ActiveCfg = Release|Any CPU
		{5ED77F52-A1A1-4BB1-A98E-D595BE404F23}.Release|Any CPU.Build.0 = Release|Any CPU
		{213C5257-57F2-409A-9B3B-70EF70EAC25A}.Debug|Any CPU.ActiveCfg = Debug|Any CPU
		{213C5257-57F2-409A-9B3B-70EF70EAC25A}.Debug|Any CPU.Build.0 = Debug|Any CPU
		{213C5257-57F2-409A-9B3B-70EF70EAC25A}.Release|Any CPU.ActiveCfg = Release|Any CPU
		{213C5257-57F2-409A-9B3B-70EF70EAC25A}.Release|Any CPU.Build.0 = Release|Any CPU
		{068F4696-951B-4027-A13D-C90665A3B976}.Debug|Any CPU.ActiveCfg = Debug|Any CPU
		{068F4696-951B-4027-A13D-C90665A3B976}.Debug|Any CPU.Build.0 = Debug|Any CPU
		{068F4696-951B-4027-A13D-C90665A3B976}.Release|Any CPU.ActiveCfg = Release|Any CPU
		{068F4696-951B-4027-A13D-C90665A3B976}.Release|Any CPU.Build.0 = Release|Any CPU
		{28F680F5-DBE6-4820-907E-AF0E68E5BF80}.Debug|Any CPU.ActiveCfg = Debug|Any CPU
		{28F680F5-DBE6-4820-907E-AF0E68E5BF80}.Debug|Any CPU.Build.0 = Debug|Any CPU
		{28F680F5-DBE6-4820-907E-AF0E68E5BF80}.Release|Any CPU.ActiveCfg = Release|Any CPU
		{28F680F5-DBE6-4820-907E-AF0E68E5BF80}.Release|Any CPU.Build.0 = Release|Any CPU
		{9960D683-52C3-4C46-8965-B8C98EDDA133}.Debug|Any CPU.ActiveCfg = Debug|Any CPU
		{9960D683-52C3-4C46-8965-B8C98EDDA133}.Debug|Any CPU.Build.0 = Debug|Any CPU
		{9960D683-52C3-4C46-8965-B8C98EDDA133}.Release|Any CPU.ActiveCfg = Release|Any CPU
		{9960D683-52C3-4C46-8965-B8C98EDDA133}.Release|Any CPU.Build.0 = Release|Any CPU
		{C86E021E-714D-4030-BF8C-5D1A2065FC0D}.Debug|Any CPU.ActiveCfg = Debug|Any CPU
		{C86E021E-714D-4030-BF8C-5D1A2065FC0D}.Debug|Any CPU.Build.0 = Debug|Any CPU
		{C86E021E-714D-4030-BF8C-5D1A2065FC0D}.Release|Any CPU.ActiveCfg = Release|Any CPU
		{C86E021E-714D-4030-BF8C-5D1A2065FC0D}.Release|Any CPU.Build.0 = Release|Any CPU
		{67EE51F1-5A77-4A67-9701-D9FA6DB71A58}.Debug|Any CPU.ActiveCfg = Debug|Any CPU
		{67EE51F1-5A77-4A67-9701-D9FA6DB71A58}.Debug|Any CPU.Build.0 = Debug|Any CPU
		{67EE51F1-5A77-4A67-9701-D9FA6DB71A58}.Release|Any CPU.ActiveCfg = Release|Any CPU
		{67EE51F1-5A77-4A67-9701-D9FA6DB71A58}.Release|Any CPU.Build.0 = Release|Any CPU
		{E77325FA-6DAF-48B6-A465-CDC3FC827AAE}.Debug|Any CPU.ActiveCfg = Debug|Any CPU
		{E77325FA-6DAF-48B6-A465-CDC3FC827AAE}.Debug|Any CPU.Build.0 = Debug|Any CPU
		{E77325FA-6DAF-48B6-A465-CDC3FC827AAE}.Release|Any CPU.ActiveCfg = Release|Any CPU
		{E77325FA-6DAF-48B6-A465-CDC3FC827AAE}.Release|Any CPU.Build.0 = Release|Any CPU
		{DD3564E0-300F-45B1-ACA6-F1849E370B86}.Debug|Any CPU.ActiveCfg = Debug|Any CPU
		{DD3564E0-300F-45B1-ACA6-F1849E370B86}.Debug|Any CPU.Build.0 = Debug|Any CPU
		{DD3564E0-300F-45B1-ACA6-F1849E370B86}.Release|Any CPU.ActiveCfg = Release|Any CPU
		{DD3564E0-300F-45B1-ACA6-F1849E370B86}.Release|Any CPU.Build.0 = Release|Any CPU
	EndGlobalSection
	GlobalSection(SolutionProperties) = preSolution
		HideSolutionNode = FALSE
	EndGlobalSection
	GlobalSection(ExtensibilityGlobals) = postSolution
		SolutionGuid = {6E0DE7FA-ABA8-4806-8276-C55FCD086455}
	EndGlobalSection
EndGlobal
